PODS:
  - AudioKit (4.9.3):
    - AudioKit/Core (= 4.9.3)
    - AudioKit/UI (= 4.9.3)
  - AudioKit/Core (4.9.3)
  - AudioKit/UI (4.9.3):
    - AudioKit/Core
  - SwiftLint (0.38.0)

DEPENDENCIES:
  - AudioKit
  - SwiftLint

SPEC REPOS:
  trunk:
    - AudioKit
    - SwiftLint

SPEC CHECKSUMS:
  AudioKit: d025ecbb68f567bba15dab7ea80b8991155729f9
  SwiftLint: 4105f061f9812b214568b736dab580ab2c73a582

PODFILE CHECKSUM: c1d53aa7276adf831256e462696f61b16c631dd3

COCOAPODS: 1.8.4
